
Microsoft Visual Studio Solution File, Format Version 12.00
# Visual Studio Version 16
VisualStudioVersion = 16.0.31410.357
MinimumVisualStudioVersion = 10.0.40219.1
Project("{FAE04EC0-301F-11D3-BF4B-00C04F79EFBC}") = "Glowing", "Glowing.csproj", "{BFE169DD-1B50-4A57-8562-55A1E1C5C41E}"
EndProject
Global
	GlobalSection(SolutionConfigurationPlatforms) = preSolution
		Debug|Any CPU = Debug|Any CPU
		Release|Any CPU = Release|Any CPU
	EndGlobalSection
	GlobalSection(ProjectConfigurationPlatforms) = postSolution
		{BFE169DD-1B50-4A57-8562-55A1E1C5C41E}.Debug|Any CPU.ActiveCfg = Debug|Any CPU
		{BFE169DD-1B50-4A57-8562-55A1E1C5C41E}.Debug|Any CPU.Build.0 = Debug|Any CPU
		{BFE169DD-1B50-4A57-8562-55A1E1C5C41E}.Release|Any CPU.ActiveCfg = Release|Any CPU
		{BFE169DD-1B50-4A57-8562-55A1E1C5C41E}.Release|Any CPU.Build.0 = Release|Any CPU
	EndGlobalSection
	GlobalSection(SolutionProperties) = preSolution
		HideSolutionNode = FALSE
	EndGlobalSection
	GlobalSection(ExtensibilityGlobals) = postSolution
		SolutionGuid = {4A71D9E7-C725-4292-BDC6-8FF79AEE9699}
	EndGlobalSection
EndGlobal
